// !$*UTF8*$!
{
	archiveVersion = 1;
	classes = {
	};
	objectVersion = 56;
	objects = {

/* Begin PBXBuildFile section */
		5007D0742AC397D500241560 /* Main.swift in Sources */ = {isa = PBXBuildFile; fileRef = 5007D0732AC397D500241560 /* Main.swift */; };
		5007D07B2AC397D800241560 /* Preview Assets.xcassets in Resources */ = {isa = PBXBuildFile; fileRef = 5007D07A2AC397D800241560 /* Preview Assets.xcassets */; };
		5007D08A2AC3986800241560 /* AIScreenView.swift in Sources */ = {isa = PBXBuildFile; fileRef = 5007D0872AC3986800241560 /* AIScreenView.swift */; };
		5007D08B2AC3986800241560 /* ElipseShape.swift in Sources */ = {isa = PBXBuildFile; fileRef = 5007D0882AC3986800241560 /* ElipseShape.swift */; };
		5007D08C2AC3986800241560 /* ButtonView.swift in Sources */ = {isa = PBXBuildFile; fileRef = 5007D0892AC3986800241560 /* ButtonView.swift */; };
		5007D08F2AC3987000241560 /* CardTransitionView.swift in Sources */ = {isa = PBXBuildFile; fileRef = 5007D08E2AC3987000241560 /* CardTransitionView.swift */; };
		5007D0912AC3989A00241560 /* AIAssets.xcassets in Resources */ = {isa = PBXBuildFile; fileRef = 5007D0902AC3989A00241560 /* AIAssets.xcassets */; };
		5007D0932AC398A300241560 /* DCAssets.xcassets in Resources */ = {isa = PBXBuildFile; fileRef = 5007D0922AC398A300241560 /* DCAssets.xcassets */; };
		5007D0972AC399D000241560 /* HideOnScrollTabView.swift in Sources */ = {isa = PBXBuildFile; fileRef = 5007D0962AC399D000241560 /* HideOnScrollTabView.swift */; };
		5007D0992AC39B5900241560 /* Assets.xcassets in Resources */ = {isa = PBXBuildFile; fileRef = 5007D0982AC39B5900241560 /* Assets.xcassets */; };
		503DA47C2AC75D13007555F8 /* Colors.swift in Sources */ = {isa = PBXBuildFile; fileRef = 503DA47B2AC75D13007555F8 /* Colors.swift */; };
		503DA47E2AC75E47007555F8 /* ScrollTestView.swift in Sources */ = {isa = PBXBuildFile; fileRef = 503DA47D2AC75E47007555F8 /* ScrollTestView.swift */; };
		503DA4822AC7C548007555F8 /* SocialMediaCardView.swift in Sources */ = {isa = PBXBuildFile; fileRef = 503DA4812AC7C548007555F8 /* SocialMediaCardView.swift */; };
		503DA4842AC7CD0B007555F8 /* ParametricCardSliderView.swift in Sources */ = {isa = PBXBuildFile; fileRef = 503DA4832AC7CD0B007555F8 /* ParametricCardSliderView.swift */; };
		503DA4882AC8CA9E007555F8 /* MenuView.swift in Sources */ = {isa = PBXBuildFile; fileRef = 503DA4872AC8CA9E007555F8 /* MenuView.swift */; };
		503DA48C2AC8CAF0007555F8 /* Models.swift in Sources */ = {isa = PBXBuildFile; fileRef = 503DA48B2AC8CAF0007555F8 /* Models.swift */; };
		50A326532AC3E0D300854FD5 /* SimplePanGestureView.swift in Sources */ = {isa = PBXBuildFile; fileRef = 50A326522AC3E0D300854FD5 /* SimplePanGestureView.swift */; };
		50F356172AC68A63006AC58F /* RelativeFrameModifierView.swift in Sources */ = {isa = PBXBuildFile; fileRef = 50F356162AC68A63006AC58F /* RelativeFrameModifierView.swift */; };
		50F356192AC69105006AC58F /* HideTabBar.swift in Sources */ = {isa = PBXBuildFile; fileRef = 50F356182AC69105006AC58F /* HideTabBar.swift */; };
		50F3561B2AC6948C006AC58F /* AIScreenContainerView.swift in Sources */ = {isa = PBXBuildFile; fileRef = 50F3561A2AC6948C006AC58F /* AIScreenContainerView.swift */; };
/* End PBXBuildFile section */

/* Begin PBXFileReference section */
		5007D0702AC397D500241560 /* SwiftUIBootcamp.app */ = {isa = PBXFileReference; explicitFileType = wrapper.application; includeInIndex = 0; path = SwiftUIBootcamp.app; sourceTree = BUILT_PRODUCTS_DIR; };
		5007D0732AC397D500241560 /* Main.swift */ = {isa = PBXFileReference; lastKnownFileType = sourcecode.swift; path = Main.swift; sourceTree = "<group>"; };
		5007D07A2AC397D800241560 /* Preview Assets.xcassets */ = {isa = PBXFileReference; lastKnownFileType = folder.assetcatalog; path = "Preview Assets.xcassets"; sourceTree = "<group>"; };
		5007D0872AC3986800241560 /* AIScreenView.swift */ = {isa = PBXFileReference; fileEncoding = 4; lastKnownFileType = sourcecode.swift; path = AIScreenView.swift; sourceTree = "<group>"; };
		5007D0882AC3986800241560 /* ElipseShape.swift */ = {isa = PBXFileReference; fileEncoding = 4; lastKnownFileType = sourcecode.swift; path = ElipseShape.swift; sourceTree = "<group>"; };
		5007D0892AC3986800241560 /* ButtonView.swift */ = {isa = PBXFileReference; fileEncoding = 4; lastKnownFileType = sourcecode.swift; path = ButtonView.swift; sourceTree = "<group>"; };
		5007D08E2AC3987000241560 /* CardTransitionView.swift */ = {isa = PBXFileReference; fileEncoding = 4; lastKnownFileType = sourcecode.swift; path = CardTransitionView.swift; sourceTree = "<group>"; };
		5007D0902AC3989A00241560 /* AIAssets.xcassets */ = {isa = PBXFileReference; lastKnownFileType = folder.assetcatalog; path = AIAssets.xcassets; sourceTree = "<group>"; };
		5007D0922AC398A300241560 /* DCAssets.xcassets */ = {isa = PBXFileReference; lastKnownFileType = folder.assetcatalog; path = DCAssets.xcassets; sourceTree = "<group>"; };
		5007D0962AC399D000241560 /* HideOnScrollTabView.swift */ = {isa = PBXFileReference; lastKnownFileType = sourcecode.swift; path = HideOnScrollTabView.swift; sourceTree = "<group>"; };
		5007D0982AC39B5900241560 /* Assets.xcassets */ = {isa = PBXFileReference; lastKnownFileType = folder.assetcatalog; path = Assets.xcassets; sourceTree = "<group>"; };
		503DA47B2AC75D13007555F8 /* Colors.swift */ = {isa = PBXFileReference; lastKnownFileType = sourcecode.swift; path = Colors.swift; sourceTree = "<group>"; };
		503DA47D2AC75E47007555F8 /* ScrollTestView.swift */ = {isa = PBXFileReference; lastKnownFileType = sourcecode.swift; path = ScrollTestView.swift; sourceTree = "<group>"; };
		503DA4812AC7C548007555F8 /* SocialMediaCardView.swift */ = {isa = PBXFileReference; lastKnownFileType = sourcecode.swift; path = SocialMediaCardView.swift; sourceTree = "<group>"; };
		503DA4832AC7CD0B007555F8 /* ParametricCardSliderView.swift */ = {isa = PBXFileReference; lastKnownFileType = sourcecode.swift; path = ParametricCardSliderView.swift; sourceTree = "<group>"; };
		503DA4872AC8CA9E007555F8 /* MenuView.swift */ = {isa = PBXFileReference; lastKnownFileType = sourcecode.swift; path = MenuView.swift; sourceTree = "<group>"; };
		503DA48B2AC8CAF0007555F8 /* Models.swift */ = {isa = PBXFileReference; lastKnownFileType = sourcecode.swift; path = Models.swift; sourceTree = "<group>"; };
		50A326522AC3E0D300854FD5 /* SimplePanGestureView.swift */ = {isa = PBXFileReference; lastKnownFileType = sourcecode.swift; path = SimplePanGestureView.swift; sourceTree = "<group>"; };
		50F356162AC68A63006AC58F /* RelativeFrameModifierView.swift */ = {isa = PBXFileReference; lastKnownFileType = sourcecode.swift; path = RelativeFrameModifierView.swift; sourceTree = "<group>"; };
		50F356182AC69105006AC58F /* HideTabBar.swift */ = {isa = PBXFileReference; lastKnownFileType = sourcecode.swift; path = HideTabBar.swift; sourceTree = "<group>"; };
		50F3561A2AC6948C006AC58F /* AIScreenContainerView.swift */ = {isa = PBXFileReference; lastKnownFileType = sourcecode.swift; path = AIScreenContainerView.swift; sourceTree = "<group>"; };
/* End PBXFileReference section */

/* Begin PBXFrameworksBuildPhase section */
		5007D06D2AC397D500241560 /* Frameworks */ = {
			isa = PBXFrameworksBuildPhase;
			buildActionMask = 2147483647;
			files = (
			);
			runOnlyForDeploymentPostprocessing = 0;
		};
/* End PBXFrameworksBuildPhase section */

/* Begin PBXGroup section */
		5007D0672AC397D500241560 = {
			isa = PBXGroup;
			children = (
				5007D0722AC397D500241560 /* SwiftUIBootcamp */,
				5007D0712AC397D500241560 /* Products */,
			);
			sourceTree = "<group>";
		};
		5007D0712AC397D500241560 /* Products */ = {
			isa = PBXGroup;
			children = (
				5007D0702AC397D500241560 /* SwiftUIBootcamp.app */,
			);
			name = Products;
			sourceTree = "<group>";
		};
		5007D0722AC397D500241560 /* SwiftUIBootcamp */ = {
			isa = PBXGroup;
			children = (
				5007D0732AC397D500241560 /* Main.swift */,
				503DA4872AC8CA9E007555F8 /* MenuView.swift */,
				5007D0832AC397EE00241560 /* Navigation */,
				503DA4862AC8CA3E007555F8 /* ScrollViews */,
				503DA4852AC8CA1E007555F8 /* Sliders */,
				5007D0842AC3980F00241560 /* Layouts */,
				5007D0822AC397E100241560 /* Animations */,
				5007D0812AC397DC00241560 /* Gestures */,
				5007D0852AC3981700241560 /* Maps */,
				503DA47A2AC75CFD007555F8 /* Utilities */,
				5007D0792AC397D800241560 /* Preview Content */,
				5007D0982AC39B5900241560 /* Assets.xcassets */,
			);
			path = SwiftUIBootcamp;
			sourceTree = "<group>";
		};
		5007D0792AC397D800241560 /* Preview Content */ = {
			isa = PBXGroup;
			children = (
				5007D07A2AC397D800241560 /* Preview Assets.xcassets */,
			);
			path = "Preview Content";
			sourceTree = "<group>";
		};
		5007D0812AC397DC00241560 /* Gestures */ = {
			isa = PBXGroup;
			children = (
				50A326522AC3E0D300854FD5 /* SimplePanGestureView.swift */,
			);
			path = Gestures;
			sourceTree = "<group>";
		};
		5007D0822AC397E100241560 /* Animations */ = {
			isa = PBXGroup;
			children = (
				5007D0862AC3986800241560 /* AIScreenViews */,
				5007D08D2AC3987000241560 /* CardTransition */,
			);
			path = Animations;
			sourceTree = "<group>";
		};
		5007D0832AC397EE00241560 /* Navigation */ = {
			isa = PBXGroup;
			children = (
				503DA4892AC8CAB0007555F8 /* Tabbars */,
			);
			path = Navigation;
			sourceTree = "<group>";
		};
		5007D0842AC3980F00241560 /* Layouts */ = {
			isa = PBXGroup;
			children = (
				50F356162AC68A63006AC58F /* RelativeFrameModifierView.swift */,
				503DA4812AC7C548007555F8 /* SocialMediaCardView.swift */,
			);
			path = Layouts;
			sourceTree = "<group>";
		};
		5007D0852AC3981700241560 /* Maps */ = {
			isa = PBXGroup;
			children = (
			);
			path = Maps;
			sourceTree = "<group>";
		};
		5007D0862AC3986800241560 /* AIScreenViews */ = {
			isa = PBXGroup;
			children = (
				5007D0872AC3986800241560 /* AIScreenView.swift */,
				5007D0882AC3986800241560 /* ElipseShape.swift */,
				50F3561A2AC6948C006AC58F /* AIScreenContainerView.swift */,
				5007D0892AC3986800241560 /* ButtonView.swift */,
				5007D0902AC3989A00241560 /* AIAssets.xcassets */,
			);
			path = AIScreenViews;
			sourceTree = "<group>";
		};
		5007D08D2AC3987000241560 /* CardTransition */ = {
			isa = PBXGroup;
			children = (
				5007D08E2AC3987000241560 /* CardTransitionView.swift */,
				5007D0922AC398A300241560 /* DCAssets.xcassets */,
			);
			path = CardTransition;
			sourceTree = "<group>";
		};
		503DA47A2AC75CFD007555F8 /* Utilities */ = {
			isa = PBXGroup;
			children = (
				503DA48A2AC8CAD5007555F8 /* Models */,
				503DA47B2AC75D13007555F8 /* Colors.swift */,
			);
			path = Utilities;
			sourceTree = "<group>";
		};
		503DA4852AC8CA1E007555F8 /* Sliders */ = {
			isa = PBXGroup;
			children = (
				503DA47D2AC75E47007555F8 /* ScrollTestView.swift */,
				503DA4832AC7CD0B007555F8 /* ParametricCardSliderView.swift */,
			);
			path = Sliders;
			sourceTree = "<group>";
		};
		503DA4862AC8CA3E007555F8 /* ScrollViews */ = {
			isa = PBXGroup;
			children = (
			);
			path = ScrollViews;
			sourceTree = "<group>";
		};
		503DA4892AC8CAB0007555F8 /* Tabbars */ = {
			isa = PBXGroup;
			children = (
				5007D0962AC399D000241560 /* HideOnScrollTabView.swift */,
				50F356182AC69105006AC58F /* HideTabBar.swift */,
			);
			path = Tabbars;
			sourceTree = "<group>";
		};
		503DA48A2AC8CAD5007555F8 /* Models */ = {
			isa = PBXGroup;
			children = (
				503DA48B2AC8CAF0007555F8 /* Models.swift */,
			);
			path = Models;
			sourceTree = "<group>";
		};
/* End PBXGroup section */

/* Begin PBXNativeTarget section */
		5007D06F2AC397D500241560 /* SwiftUIBootcamp */ = {
			isa = PBXNativeTarget;
			buildConfigurationList = 5007D07E2AC397D800241560 /* Build configuration list for PBXNativeTarget "SwiftUIBootcamp" */;
			buildPhases = (
				5007D06C2AC397D500241560 /* Sources */,
				5007D06D2AC397D500241560 /* Frameworks */,
				5007D06E2AC397D500241560 /* Resources */,
			);
			buildRules = (
			);
			dependencies = (
			);
			name = SwiftUIBootcamp;
			productName = SwiftUIBootcamp;
			productReference = 5007D0702AC397D500241560 /* SwiftUIBootcamp.app */;
			productType = "com.apple.product-type.application";
		};
/* End PBXNativeTarget section */

/* Begin PBXProject section */
		5007D0682AC397D500241560 /* Project object */ = {
			isa = PBXProject;
			attributes = {
				BuildIndependentTargetsInParallel = 1;
				LastSwiftUpdateCheck = 1500;
				LastUpgradeCheck = 1500;
				TargetAttributes = {
					5007D06F2AC397D500241560 = {
						CreatedOnToolsVersion = 15.0;
					};
				};
			};
			buildConfigurationList = 5007D06B2AC397D500241560 /* Build configuration list for PBXProject "SwiftUIBootcamp" */;
			compatibilityVersion = "Xcode 14.0";
			developmentRegion = en;
			hasScannedForEncodings = 0;
			knownRegions = (
				en,
				Base,
			);
			mainGroup = 5007D0672AC397D500241560;
			productRefGroup = 5007D0712AC397D500241560 /* Products */;
			projectDirPath = "";
			projectRoot = "";
			targets = (
				5007D06F2AC397D500241560 /* SwiftUIBootcamp */,
			);
		};
/* End PBXProject section */

/* Begin PBXResourcesBuildPhase section */
		5007D06E2AC397D500241560 /* Resources */ = {
			isa = PBXResourcesBuildPhase;
			buildActionMask = 2147483647;
			files = (
				5007D0912AC3989A00241560 /* AIAssets.xcassets in Resources */,
				5007D0932AC398A300241560 /* DCAssets.xcassets in Resources */,
				5007D0992AC39B5900241560 /* Assets.xcassets in Resources */,
				5007D07B2AC397D800241560 /* Preview Assets.xcassets in Resources */,
			);
			runOnlyForDeploymentPostprocessing = 0;
		};
/* End PBXResourcesBuildPhase section */

/* Begin PBXSourcesBuildPhase section */
		5007D06C2AC397D500241560 /* Sources */ = {
			isa = PBXSourcesBuildPhase;
			buildActionMask = 2147483647;
			files = (
				5007D0742AC397D500241560 /* Main.swift in Sources */,
				503DA4822AC7C548007555F8 /* SocialMediaCardView.swift in Sources */,
				503DA47C2AC75D13007555F8 /* Colors.swift in Sources */,
				50F356172AC68A63006AC58F /* RelativeFrameModifierView.swift in Sources */,
				5007D08C2AC3986800241560 /* ButtonView.swift in Sources */,
				50F356192AC69105006AC58F /* HideTabBar.swift in Sources */,
				503DA47E2AC75E47007555F8 /* ScrollTestView.swift in Sources */,
				50A326532AC3E0D300854FD5 /* SimplePanGestureView.swift in Sources */,
				50F3561B2AC6948C006AC58F /* AIScreenContainerView.swift in Sources */,
				5007D08A2AC3986800241560 /* AIScreenView.swift in Sources */,
				503DA4882AC8CA9E007555F8 /* MenuView.swift in Sources */,
				503DA48C2AC8CAF0007555F8 /* Models.swift in Sources */,
				5007D0972AC399D000241560 /* HideOnScrollTabView.swift in Sources */,
				5007D08B2AC3986800241560 /* ElipseShape.swift in Sources */,
				5007D08F2AC3987000241560 /* CardTransitionView.swift in Sources */,
				503DA4842AC7CD0B007555F8 /* ParametricCardSliderView.swift in Sources */,
			);
			runOnlyForDeploymentPostprocessing = 0;
		};
/* End PBXSourcesBuildPhase section */

/* Begin XCBuildConfiguration section */
		5007D07C2AC397D800241560 /* Debug */ = {
			isa = XCBuildConfiguration;
			buildSettings = {
				ALWAYS_SEARCH_USER_PATHS = NO;
				ASSETCATALOG_COMPILER_GENERATE_SWIFT_ASSET_SYMBOL_EXTENSIONS = YES;
				CLANG_ANALYZER_NONNULL = YES;
				CLANG_ANALYZER_NUMBER_OBJECT_CONVERSION = YES_AGGRESSIVE;
				CLANG_CXX_LANGUAGE_STANDARD = "gnu++20";
				CLANG_ENABLE_MODULES = YES;
				CLANG_ENABLE_OBJC_ARC = YES;
				CLANG_ENABLE_OBJC_WEAK = YES;
				CLANG_WARN_BLOCK_CAPTURE_AUTORELEASING = YES;
				CLANG_WARN_BOOL_CONVERSION = YES;
				CLANG_WARN_COMMA = YES;
				CLANG_WARN_CONSTANT_CONVERSION = YES;
				CLANG_WARN_DEPRECATED_OBJC_IMPLEMENTATIONS = YES;
				CLANG_WARN_DIRECT_OBJC_ISA_USAGE = YES_ERROR;
				CLANG_WARN_DOCUMENTATION_COMMENTS = YES;
				CLANG_WARN_EMPTY_BODY = YES;
				CLANG_WARN_ENUM_CONVERSION = YES;
				CLANG_WARN_INFINITE_RECURSION = YES;
				CLANG_WARN_INT_CONVERSION = YES;
				CLANG_WARN_NON_LITERAL_NULL_CONVERSION = YES;
				CLANG_WARN_OBJC_IMPLICIT_RETAIN_SELF = YES;
				CLANG_WARN_OBJC_LITERAL_CONVERSION = YES;
				CLANG_WARN_OBJC_ROOT_CLASS = YES_ERROR;
				CLANG_WARN_QUOTED_INCLUDE_IN_FRAMEWORK_HEADER = YES;
				CLANG_WARN_RANGE_LOOP_ANALYSIS = YES;
				CLANG_WARN_STRICT_PROTOTYPES = YES;
				CLANG_WARN_SUSPICIOUS_MOVE = YES;
				CLANG_WARN_UNGUARDED_AVAILABILITY = YES_AGGRESSIVE;
				CLANG_WARN_UNREACHABLE_CODE = YES;
				CLANG_WARN__DUPLICATE_METHOD_MATCH = YES;
				COPY_PHASE_STRIP = NO;
				DEBUG_INFORMATION_FORMAT = dwarf;
				ENABLE_STRICT_OBJC_MSGSEND = YES;
				ENABLE_TESTABILITY = YES;
				ENABLE_USER_SCRIPT_SANDBOXING = YES;
				GCC_C_LANGUAGE_STANDARD = gnu17;
				GCC_DYNAMIC_NO_PIC = NO;
				GCC_NO_COMMON_BLOCKS = YES;
				GCC_OPTIMIZATION_LEVEL = 0;
				GCC_PREPROCESSOR_DEFINITIONS = (
					"DEBUG=1",
					"$(inherited)",
				);
				GCC_WARN_64_TO_32_BIT_CONVERSION = YES;
				GCC_WARN_ABOUT_RETURN_TYPE = YES_ERROR;
				GCC_WARN_UNDECLARED_SELECTOR = YES;
				GCC_WARN_UNINITIALIZED_AUTOS = YES_AGGRESSIVE;
				GCC_WARN_UNUSED_FUNCTION = YES;
				GCC_WARN_UNUSED_VARIABLE = YES;
				IPHONEOS_DEPLOYMENT_TARGET = 17.0;
				LOCALIZATION_PREFERS_STRING_CATALOGS = YES;
				MTL_ENABLE_DEBUG_INFO = INCLUDE_SOURCE;
				MTL_FAST_MATH = YES;
				ONLY_ACTIVE_ARCH = YES;
				SDKROOT = iphoneos;
				SWIFT_ACTIVE_COMPILATION_CONDITIONS = "DEBUG $(inherited)";
				SWIFT_OPTIMIZATION_LEVEL = "-Onone";
			};
			name = Debug;
		};
		5007D07D2AC397D800241560 /* Release */ = {
			isa = XCBuildConfiguration;
			buildSettings = {
				ALWAYS_SEARCH_USER_PATHS = NO;
				ASSETCATALOG_COMPILER_GENERATE_SWIFT_ASSET_SYMBOL_EXTENSIONS = YES;
				CLANG_ANALYZER_NONNULL = YES;
				CLANG_ANALYZER_NUMBER_OBJECT_CONVERSION = YES_AGGRESSIVE;
				CLANG_CXX_LANGUAGE_STANDARD = "gnu++20";
				CLANG_ENABLE_MODULES = YES;
				CLANG_ENABLE_OBJC_ARC = YES;
				CLANG_ENABLE_OBJC_WEAK = YES;
				CLANG_WARN_BLOCK_CAPTURE_AUTORELEASING = YES;
				CLANG_WARN_BOOL_CONVERSION = YES;
				CLANG_WARN_COMMA = YES;
				CLANG_WARN_CONSTANT_CONVERSION = YES;
				CLANG_WARN_DEPRECATED_OBJC_IMPLEMENTATIONS = YES;
				CLANG_WARN_DIRECT_OBJC_ISA_USAGE = YES_ERROR;
				CLANG_WARN_DOCUMENTATION_COMMENTS = YES;
				CLANG_WARN_EMPTY_BODY = YES;
				CLANG_WARN_ENUM_CONVERSION = YES;
				CLANG_WARN_INFINITE_RECURSION = YES;
				CLANG_WARN_INT_CONVERSION = YES;
				CLANG_WARN_NON_LITERAL_NULL_CONVERSION = YES;
				CLANG_WARN_OBJC_IMPLICIT_RETAIN_SELF = YES;
				CLANG_WARN_OBJC_LITERAL_CONVERSION = YES;
				CLANG_WARN_OBJC_ROOT_CLASS = YES_ERROR;
				CLANG_WARN_QUOTED_INCLUDE_IN_FRAMEWORK_HEADER = YES;
				CLANG_WARN_RANGE_LOOP_ANALYSIS = YES;
				CLANG_WARN_STRICT_PROTOTYPES = YES;
				CLANG_WARN_SUSPICIOUS_MOVE = YES;
				CLANG_WARN_UNGUARDED_AVAILABILITY = YES_AGGRESSIVE;
				CLANG_WARN_UNREACHABLE_CODE = YES;
				CLANG_WARN__DUPLICATE_METHOD_MATCH = YES;
				COPY_PHASE_STRIP = NO;
				DEBUG_INFORMATION_FORMAT = "dwarf-with-dsym";
				ENABLE_NS_ASSERTIONS = NO;
				ENABLE_STRICT_OBJC_MSGSEND = YES;
				ENABLE_USER_SCRIPT_SANDBOXING = YES;
				GCC_C_LANGUAGE_STANDARD = gnu17;
				GCC_NO_COMMON_BLOCKS = YES;
				GCC_WARN_64_TO_32_BIT_CONVERSION = YES;
				GCC_WARN_ABOUT_RETURN_TYPE = YES_ERROR;
				GCC_WARN_UNDECLARED_SELECTOR = YES;
				GCC_WARN_UNINITIALIZED_AUTOS = YES_AGGRESSIVE;
				GCC_WARN_UNUSED_FUNCTION = YES;
				GCC_WARN_UNUSED_VARIABLE = YES;
				IPHONEOS_DEPLOYMENT_TARGET = 17.0;
				LOCALIZATION_PREFERS_STRING_CATALOGS = YES;
				MTL_ENABLE_DEBUG_INFO = NO;
				MTL_FAST_MATH = YES;
				SDKROOT = iphoneos;
				SWIFT_COMPILATION_MODE = wholemodule;
				VALIDATE_PRODUCT = YES;
			};
			name = Release;
		};
		5007D07F2AC397D800241560 /* Debug */ = {
			isa = XCBuildConfiguration;
			buildSettings = {
				ASSETCATALOG_COMPILER_APPICON_NAME = AppIcon;
				ASSETCATALOG_COMPILER_GLOBAL_ACCENT_COLOR_NAME = AccentColor;
				CODE_SIGN_STYLE = Automatic;
				CURRENT_PROJECT_VERSION = 1;
				DEVELOPMENT_ASSET_PATHS = "\"SwiftUIBootcamp/Preview Content\"";
				DEVELOPMENT_TEAM = ZVW35G37KX;
				ENABLE_PREVIEWS = YES;
				GENERATE_INFOPLIST_FILE = YES;
				INFOPLIST_KEY_UIApplicationSceneManifest_Generation = YES;
				INFOPLIST_KEY_UIApplicationSupportsIndirectInputEvents = YES;
				INFOPLIST_KEY_UILaunchScreen_Generation = YES;
				INFOPLIST_KEY_UISupportedInterfaceOrientations_iPad = "UIInterfaceOrientationPortrait UIInterfaceOrientationPortraitUpsideDown UIInterfaceOrientationLandscapeLeft UIInterfaceOrientationLandscapeRight";
				INFOPLIST_KEY_UISupportedInterfaceOrientations_iPhone = "UIInterfaceOrientationPortrait UIInterfaceOrientationLandscapeLeft UIInterfaceOrientationLandscapeRight";
				IPHONEOS_DEPLOYMENT_TARGET = 16.6;
				LD_RUNPATH_SEARCH_PATHS = (
					"$(inherited)",
					"@executable_path/Frameworks",
				);
				MARKETING_VERSION = 1.0;
				PRODUCT_BUNDLE_IDENTIFIER = dev.maxward.SwiftUIBootcampApp;
				PRODUCT_NAME = "$(TARGET_NAME)";
				SWIFT_EMIT_LOC_STRINGS = YES;
				SWIFT_VERSION = 5.0;
				TARGETED_DEVICE_FAMILY = "1,2";
			};
			name = Debug;
		};
		5007D0802AC397D800241560 /* Release */ = {
			isa = XCBuildConfiguration;
			buildSettings = {
				ASSETCATALOG_COMPILER_APPICON_NAME = AppIcon;
				ASSETCATALOG_COMPILER_GLOBAL_ACCENT_COLOR_NAME = AccentColor;
				CODE_SIGN_STYLE = Automatic;
				CURRENT_PROJECT_VERSION = 1;
				DEVELOPMENT_ASSET_PATHS = "\"SwiftUIBootcamp/Preview Content\"";
				DEVELOPMENT_TEAM = ZVW35G37KX;
				ENABLE_PREVIEWS = YES;
				GENERATE_INFOPLIST_FILE = YES;
				INFOPLIST_KEY_UIApplicationSceneManifest_Generation = YES;
				INFOPLIST_KEY_UIApplicationSupportsIndirectInputEvents = YES;
				INFOPLIST_KEY_UILaunchScreen_Generation = YES;
				INFOPLIST_KEY_UISupportedInterfaceOrientations_iPad = "UIInterfaceOrientationPortrait UIInterfaceOrientationPortraitUpsideDown UIInterfaceOrientationLandscapeLeft UIInterfaceOrientationLandscapeRight";
				INFOPLIST_KEY_UISupportedInterfaceOrientations_iPhone = "UIInterfaceOrientationPortrait UIInterfaceOrientationLandscapeLeft UIInterfaceOrientationLandscapeRight";
				IPHONEOS_DEPLOYMENT_TARGET = 16.6;
				LD_RUNPATH_SEARCH_PATHS = (
					"$(inherited)",
					"@executable_path/Frameworks",
				);
				MARKETING_VERSION = 1.0;
				PRODUCT_BUNDLE_IDENTIFIER = dev.maxward.SwiftUIBootcampApp;
				PRODUCT_NAME = "$(TARGET_NAME)";
				SWIFT_EMIT_LOC_STRINGS = YES;
				SWIFT_VERSION = 5.0;
				TARGETED_DEVICE_FAMILY = "1,2";
			};
			name = Release;
		};
/* End XCBuildConfiguration section */

/* Begin XCConfigurationList section */
		5007D06B2AC397D500241560 /* Build configuration list for PBXProject "SwiftUIBootcamp" */ = {
			isa = XCConfigurationList;
			buildConfigurations = (
				5007D07C2AC397D800241560 /* Debug */,
				5007D07D2AC397D800241560 /* Release */,
			);
			defaultConfigurationIsVisible = 0;
			defaultConfigurationName = Release;
		};
		5007D07E2AC397D800241560 /* Build configuration list for PBXNativeTarget "SwiftUIBootcamp" */ = {
			isa = XCConfigurationList;
			buildConfigurations = (
				5007D07F2AC397D800241560 /* Debug */,
				5007D0802AC397D800241560 /* Release */,
			);
			defaultConfigurationIsVisible = 0;
			defaultConfigurationName = Release;
		};
/* End XCConfigurationList section */
	};
	rootObject = 5007D0682AC397D500241560 /* Project object */;
}
