// !$*UTF8*$!
{
	archiveVersion = 1;
	classes = {
	};
	objectVersion = 56;
	objects = {

/* Begin PBXBuildFile section */
		5000EC1A2C116F150029EA16 /* PaddingBootcamp.swift in Sources */ = {isa = PBXBuildFile; fileRef = 5000EC192C116F150029EA16 /* PaddingBootcamp.swift */; };
		5000EC1C2C11771B0029EA16 /* MarginsBootcamp.swift in Sources */ = {isa = PBXBuildFile; fileRef = 5000EC1B2C11771B0029EA16 /* MarginsBootcamp.swift */; };
		5007D0742AC397D500241560 /* Main.swift in Sources */ = {isa = PBXBuildFile; fileRef = 5007D0732AC397D500241560 /* Main.swift */; };
		5007D07B2AC397D800241560 /* Preview Assets.xcassets in Resources */ = {isa = PBXBuildFile; fileRef = 5007D07A2AC397D800241560 /* Preview Assets.xcassets */; };
		5007D08A2AC3986800241560 /* AIScreenView.swift in Sources */ = {isa = PBXBuildFile; fileRef = 5007D0872AC3986800241560 /* AIScreenView.swift */; };
		5007D08B2AC3986800241560 /* ElipseShape.swift in Sources */ = {isa = PBXBuildFile; fileRef = 5007D0882AC3986800241560 /* ElipseShape.swift */; };
		5007D08C2AC3986800241560 /* ButtonView.swift in Sources */ = {isa = PBXBuildFile; fileRef = 5007D0892AC3986800241560 /* ButtonView.swift */; };
		5007D08F2AC3987000241560 /* CardTransitionView.swift in Sources */ = {isa = PBXBuildFile; fileRef = 5007D08E2AC3987000241560 /* CardTransitionView.swift */; };
		5007D0912AC3989A00241560 /* AIAssets.xcassets in Resources */ = {isa = PBXBuildFile; fileRef = 5007D0902AC3989A00241560 /* AIAssets.xcassets */; };
		5007D0932AC398A300241560 /* DCAssets.xcassets in Resources */ = {isa = PBXBuildFile; fileRef = 5007D0922AC398A300241560 /* DCAssets.xcassets */; };
		5007D0972AC399D000241560 /* HideOnScrollTabView.swift in Sources */ = {isa = PBXBuildFile; fileRef = 5007D0962AC399D000241560 /* HideOnScrollTabView.swift */; };
		5007D0992AC39B5900241560 /* Assets.xcassets in Resources */ = {isa = PBXBuildFile; fileRef = 5007D0982AC39B5900241560 /* Assets.xcassets */; };
		500A405D2C04E3EB00F30146 /* ImagePagingSliderView.swift in Sources */ = {isa = PBXBuildFile; fileRef = 500A405C2C04E3EB00F30146 /* ImagePagingSliderView.swift */; };
		501EE91C2C10A81700E79765 /* HideSearchBarOnScroll.swift in Sources */ = {isa = PBXBuildFile; fileRef = 501EE91B2C10A81700E79765 /* HideSearchBarOnScroll.swift */; };
		501FD6882ACE91C100657B0A /* MatchedGeometrySimpleView.swift in Sources */ = {isa = PBXBuildFile; fileRef = 501FD6872ACE91C100657B0A /* MatchedGeometrySimpleView.swift */; };
		503DA47C2AC75D13007555F8 /* Colors.swift in Sources */ = {isa = PBXBuildFile; fileRef = 503DA47B2AC75D13007555F8 /* Colors.swift */; };
		503DA47E2AC75E47007555F8 /* ScrollTestView.swift in Sources */ = {isa = PBXBuildFile; fileRef = 503DA47D2AC75E47007555F8 /* ScrollTestView.swift */; };
		503DA4822AC7C548007555F8 /* SocialMediaCardView.swift in Sources */ = {isa = PBXBuildFile; fileRef = 503DA4812AC7C548007555F8 /* SocialMediaCardView.swift */; };
		503DA4842AC7CD0B007555F8 /* ParametricCardSliderView.swift in Sources */ = {isa = PBXBuildFile; fileRef = 503DA4832AC7CD0B007555F8 /* ParametricCardSliderView.swift */; };
		503DA4882AC8CA9E007555F8 /* MenuView.swift in Sources */ = {isa = PBXBuildFile; fileRef = 503DA4872AC8CA9E007555F8 /* MenuView.swift */; };
		503DA48C2AC8CAF0007555F8 /* Models.swift in Sources */ = {isa = PBXBuildFile; fileRef = 503DA48B2AC8CAF0007555F8 /* Models.swift */; };
		50459B232C27DAC5003B117E /* KeyframeAnimationBootcamp.swift in Sources */ = {isa = PBXBuildFile; fileRef = 50459B222C27DAC5003B117E /* KeyframeAnimationBootcamp.swift */; };
		504CAB052BCCC5B600932ECC /* GetFramePreferenceView.swift in Sources */ = {isa = PBXBuildFile; fileRef = 504CAB042BCCC5B600932ECC /* GetFramePreferenceView.swift */; };
		50530A3E2BC7A4DA007B0D19 /* BackgroundPreferenceBootcamp.swift in Sources */ = {isa = PBXBuildFile; fileRef = 50530A3D2BC7A4DA007B0D19 /* BackgroundPreferenceBootcamp.swift */; };
		506988132ACA205300D52047 /* InfiniteAnimation.swift in Sources */ = {isa = PBXBuildFile; fileRef = 506988122ACA205300D52047 /* InfiniteAnimation.swift */; };
		506B6CAB2C056A380071C824 /* PagingSliderControl.swift in Sources */ = {isa = PBXBuildFile; fileRef = 506B6CAA2C056A380071C824 /* PagingSliderControl.swift */; };
		506E5B622C0AC3450012FFB0 /* ButtonsBootcamp.swift in Sources */ = {isa = PBXBuildFile; fileRef = 506E5B612C0AC3450012FFB0 /* ButtonsBootcamp.swift */; };
		506E5B652C0AC4D10012FFB0 /* CornerRadiusViewModifier.swift in Sources */ = {isa = PBXBuildFile; fileRef = 506E5B642C0AC4D10012FFB0 /* CornerRadiusViewModifier.swift */; };
		5070C13B2ACA68C300EE8C55 /* BaseView.swift in Sources */ = {isa = PBXBuildFile; fileRef = 5070C13A2ACA68C300EE8C55 /* BaseView.swift */; };
		5070C13D2ACA691500EE8C55 /* OnlyiOS17View.swift in Sources */ = {isa = PBXBuildFile; fileRef = 5070C13C2ACA691500EE8C55 /* OnlyiOS17View.swift */; };
		5092D4302AD0A9FC00D50E8E /* PropertyWrapperTest.swift in Sources */ = {isa = PBXBuildFile; fileRef = 5092D42F2AD0A9FC00D50E8E /* PropertyWrapperTest.swift */; };
		5092D4352AD2180700D50E8E /* PreferenceKey.swift in Sources */ = {isa = PBXBuildFile; fileRef = 5092D4342AD2180700D50E8E /* PreferenceKey.swift */; };
		5092D4372AD35BF300D50E8E /* EnvironmentTestView.swift in Sources */ = {isa = PBXBuildFile; fileRef = 5092D4362AD35BF300D50E8E /* EnvironmentTestView.swift */; };
		509643732C23B51800D06515 /* AnimatedButtonsBootcamp.swift in Sources */ = {isa = PBXBuildFile; fileRef = 509643722C23B51800D06515 /* AnimatedButtonsBootcamp.swift */; };
		509EB44C2C13F95100427FBB /* StatefulContainerView.swift in Sources */ = {isa = PBXBuildFile; fileRef = 509EB44B2C13F95100427FBB /* StatefulContainerView.swift */; };
		509EB44F2C14090300427FBB /* MovableGridBootcamp.swift in Sources */ = {isa = PBXBuildFile; fileRef = 509EB44E2C14090300427FBB /* MovableGridBootcamp.swift */; };
		509EB4512C16AE4A00427FBB /* PaginatedHeroScrollView.swift in Sources */ = {isa = PBXBuildFile; fileRef = 509EB4502C16AE4A00427FBB /* PaginatedHeroScrollView.swift */; };
		50A326532AC3E0D300854FD5 /* SimplePanGestureView.swift in Sources */ = {isa = PBXBuildFile; fileRef = 50A326522AC3E0D300854FD5 /* SimplePanGestureView.swift */; };
		50AA628A2ACA70CF008DC0DD /* ViewLimit.swift in Sources */ = {isa = PBXBuildFile; fileRef = 50AA62892ACA70CF008DC0DD /* ViewLimit.swift */; };
		50CD30B42C136A80007A9BA4 /* ContainerWithDataState.swift in Sources */ = {isa = PBXBuildFile; fileRef = 50CD30B32C136A80007A9BA4 /* ContainerWithDataState.swift */; };
		50D2A92A2C0EB9AC00FA2732 /* RelativeFrameLayout.swift in Sources */ = {isa = PBXBuildFile; fileRef = 50D2A9292C0EB9AC00FA2732 /* RelativeFrameLayout.swift */; };
		50D2A92C2C0EBB8900FA2732 /* ToggleButton.swift in Sources */ = {isa = PBXBuildFile; fileRef = 50D2A92B2C0EBB8900FA2732 /* ToggleButton.swift */; };
		50D2A92F2C0EC45B00FA2732 /* CGFloat+Extension.swift in Sources */ = {isa = PBXBuildFile; fileRef = 50D2A92E2C0EC45B00FA2732 /* CGFloat+Extension.swift */; };
		50D2A9312C0ED9D600FA2732 /* SimpleContainerRelativeFrame.swift in Sources */ = {isa = PBXBuildFile; fileRef = 50D2A9302C0ED9D600FA2732 /* SimpleContainerRelativeFrame.swift */; };
		50D2A9332C0EDE0100FA2732 /* RelativeSizeLayout.swift in Sources */ = {isa = PBXBuildFile; fileRef = 50D2A9322C0EDE0100FA2732 /* RelativeSizeLayout.swift */; };
		50D2A9362C0EE34400FA2732 /* DebugOverlay.swift in Sources */ = {isa = PBXBuildFile; fileRef = 50D2A9352C0EE34400FA2732 /* DebugOverlay.swift */; };
		50D2A9392C0F5F6A00FA2732 /* GeometryReaderBootcamp.swift in Sources */ = {isa = PBXBuildFile; fileRef = 50D2A9382C0F5F6A00FA2732 /* GeometryReaderBootcamp.swift */; };
		50D2A93E2C0F9FA300FA2732 /* CircularCarouselScreen.swift in Sources */ = {isa = PBXBuildFile; fileRef = 50D2A93D2C0F9FA300FA2732 /* CircularCarouselScreen.swift */; };
		50D2A9412C0FB0C800FA2732 /* HepticBootcamp.swift in Sources */ = {isa = PBXBuildFile; fileRef = 50D2A9402C0FB0C800FA2732 /* HepticBootcamp.swift */; };
		50D2A9442C0FD63400FA2732 /* ScrollTransitionExample.swift in Sources */ = {isa = PBXBuildFile; fileRef = 50D2A9432C0FD63400FA2732 /* ScrollTransitionExample.swift */; };
		50DAC2072C78452500B79DBB /* CircularLayoutExample.swift in Sources */ = {isa = PBXBuildFile; fileRef = 50DAC2062C78452500B79DBB /* CircularLayoutExample.swift */; };
		50DD57F32C21D1EE000350B9 /* ViewBuilderDemo.swift in Sources */ = {isa = PBXBuildFile; fileRef = 50DD57F22C21D1EE000350B9 /* ViewBuilderDemo.swift */; };
		50DD57F52C21D982000350B9 /* SpacersBootcamp.swift in Sources */ = {isa = PBXBuildFile; fileRef = 50DD57F42C21D981000350B9 /* SpacersBootcamp.swift */; };
		50F356172AC68A63006AC58F /* RelativeFrameModifierView.swift in Sources */ = {isa = PBXBuildFile; fileRef = 50F356162AC68A63006AC58F /* RelativeFrameModifierView.swift */; };
		50F356192AC69105006AC58F /* HideTabBar.swift in Sources */ = {isa = PBXBuildFile; fileRef = 50F356182AC69105006AC58F /* HideTabBar.swift */; };
		50F3561B2AC6948C006AC58F /* AIScreenContainerView.swift in Sources */ = {isa = PBXBuildFile; fileRef = 50F3561A2AC6948C006AC58F /* AIScreenContainerView.swift */; };
		50F4EC212AC8DADD00A10280 /* VerticalScrollWithAnimation.swift in Sources */ = {isa = PBXBuildFile; fileRef = 50F4EC202AC8DADD00A10280 /* VerticalScrollWithAnimation.swift */; };
		50F4EC232AC9383500A10280 /* CustomPagingSliderScreen.swift in Sources */ = {isa = PBXBuildFile; fileRef = 50F4EC222AC9383500A10280 /* CustomPagingSliderScreen.swift */; };
/* End PBXBuildFile section */

/* Begin PBXFileReference section */
		5000EC192C116F150029EA16 /* PaddingBootcamp.swift */ = {isa = PBXFileReference; lastKnownFileType = sourcecode.swift; path = PaddingBootcamp.swift; sourceTree = "<group>"; };
		5000EC1B2C11771B0029EA16 /* MarginsBootcamp.swift */ = {isa = PBXFileReference; lastKnownFileType = sourcecode.swift; path = MarginsBootcamp.swift; sourceTree = "<group>"; };
		5007D0702AC397D500241560 /* SwiftUIBootcamp.app */ = {isa = PBXFileReference; explicitFileType = wrapper.application; includeInIndex = 0; path = SwiftUIBootcamp.app; sourceTree = BUILT_PRODUCTS_DIR; };
		5007D0732AC397D500241560 /* Main.swift */ = {isa = PBXFileReference; lastKnownFileType = sourcecode.swift; path = Main.swift; sourceTree = "<group>"; };
		5007D07A2AC397D800241560 /* Preview Assets.xcassets */ = {isa = PBXFileReference; lastKnownFileType = folder.assetcatalog; path = "Preview Assets.xcassets"; sourceTree = "<group>"; };
		5007D0872AC3986800241560 /* AIScreenView.swift */ = {isa = PBXFileReference; fileEncoding = 4; lastKnownFileType = sourcecode.swift; path = AIScreenView.swift; sourceTree = "<group>"; };
		5007D0882AC3986800241560 /* ElipseShape.swift */ = {isa = PBXFileReference; fileEncoding = 4; lastKnownFileType = sourcecode.swift; path = ElipseShape.swift; sourceTree = "<group>"; };
		5007D0892AC3986800241560 /* ButtonView.swift */ = {isa = PBXFileReference; fileEncoding = 4; lastKnownFileType = sourcecode.swift; path = ButtonView.swift; sourceTree = "<group>"; };
		5007D08E2AC3987000241560 /* CardTransitionView.swift */ = {isa = PBXFileReference; fileEncoding = 4; lastKnownFileType = sourcecode.swift; path = CardTransitionView.swift; sourceTree = "<group>"; };
		5007D0902AC3989A00241560 /* AIAssets.xcassets */ = {isa = PBXFileReference; lastKnownFileType = folder.assetcatalog; path = AIAssets.xcassets; sourceTree = "<group>"; };
		5007D0922AC398A300241560 /* DCAssets.xcassets */ = {isa = PBXFileReference; lastKnownFileType = folder.assetcatalog; path = DCAssets.xcassets; sourceTree = "<group>"; };
		5007D0962AC399D000241560 /* HideOnScrollTabView.swift */ = {isa = PBXFileReference; lastKnownFileType = sourcecode.swift; path = HideOnScrollTabView.swift; sourceTree = "<group>"; };
		5007D0982AC39B5900241560 /* Assets.xcassets */ = {isa = PBXFileReference; lastKnownFileType = folder.assetcatalog; path = Assets.xcassets; sourceTree = "<group>"; };
		500A405C2C04E3EB00F30146 /* ImagePagingSliderView.swift */ = {isa = PBXFileReference; lastKnownFileType = sourcecode.swift; path = ImagePagingSliderView.swift; sourceTree = "<group>"; };
		501EE91B2C10A81700E79765 /* HideSearchBarOnScroll.swift */ = {isa = PBXFileReference; lastKnownFileType = sourcecode.swift; path = HideSearchBarOnScroll.swift; sourceTree = "<group>"; };
		501FD6872ACE91C100657B0A /* MatchedGeometrySimpleView.swift */ = {isa = PBXFileReference; lastKnownFileType = sourcecode.swift; path = MatchedGeometrySimpleView.swift; sourceTree = "<group>"; };
		503DA47B2AC75D13007555F8 /* Colors.swift */ = {isa = PBXFileReference; lastKnownFileType = sourcecode.swift; path = Colors.swift; sourceTree = "<group>"; };
		503DA47D2AC75E47007555F8 /* ScrollTestView.swift */ = {isa = PBXFileReference; lastKnownFileType = sourcecode.swift; path = ScrollTestView.swift; sourceTree = "<group>"; };
		503DA4812AC7C548007555F8 /* SocialMediaCardView.swift */ = {isa = PBXFileReference; lastKnownFileType = sourcecode.swift; path = SocialMediaCardView.swift; sourceTree = "<group>"; };
		503DA4832AC7CD0B007555F8 /* ParametricCardSliderView.swift */ = {isa = PBXFileReference; lastKnownFileType = sourcecode.swift; path = ParametricCardSliderView.swift; sourceTree = "<group>"; };
		503DA4872AC8CA9E007555F8 /* MenuView.swift */ = {isa = PBXFileReference; lastKnownFileType = sourcecode.swift; path = MenuView.swift; sourceTree = "<group>"; };
		503DA48B2AC8CAF0007555F8 /* Models.swift */ = {isa = PBXFileReference; lastKnownFileType = sourcecode.swift; path = Models.swift; sourceTree = "<group>"; };
		50459B222C27DAC5003B117E /* KeyframeAnimationBootcamp.swift */ = {isa = PBXFileReference; lastKnownFileType = sourcecode.swift; path = KeyframeAnimationBootcamp.swift; sourceTree = "<group>"; };
		504CAB042BCCC5B600932ECC /* GetFramePreferenceView.swift */ = {isa = PBXFileReference; lastKnownFileType = sourcecode.swift; path = GetFramePreferenceView.swift; sourceTree = "<group>"; };
		50530A3D2BC7A4DA007B0D19 /* BackgroundPreferenceBootcamp.swift */ = {isa = PBXFileReference; lastKnownFileType = sourcecode.swift; path = BackgroundPreferenceBootcamp.swift; sourceTree = "<group>"; };
		506988122ACA205300D52047 /* InfiniteAnimation.swift */ = {isa = PBXFileReference; lastKnownFileType = sourcecode.swift; path = InfiniteAnimation.swift; sourceTree = "<group>"; };
		506B6CAA2C056A380071C824 /* PagingSliderControl.swift */ = {isa = PBXFileReference; lastKnownFileType = sourcecode.swift; path = PagingSliderControl.swift; sourceTree = "<group>"; };
		506E5B612C0AC3450012FFB0 /* ButtonsBootcamp.swift */ = {isa = PBXFileReference; lastKnownFileType = sourcecode.swift; path = ButtonsBootcamp.swift; sourceTree = "<group>"; };
		506E5B642C0AC4D10012FFB0 /* CornerRadiusViewModifier.swift */ = {isa = PBXFileReference; lastKnownFileType = sourcecode.swift; path = CornerRadiusViewModifier.swift; sourceTree = "<group>"; };
		5070C13A2ACA68C300EE8C55 /* BaseView.swift */ = {isa = PBXFileReference; lastKnownFileType = sourcecode.swift; path = BaseView.swift; sourceTree = "<group>"; };
		5070C13C2ACA691500EE8C55 /* OnlyiOS17View.swift */ = {isa = PBXFileReference; lastKnownFileType = sourcecode.swift; path = OnlyiOS17View.swift; sourceTree = "<group>"; };
		5092D42F2AD0A9FC00D50E8E /* PropertyWrapperTest.swift */ = {isa = PBXFileReference; lastKnownFileType = sourcecode.swift; path = PropertyWrapperTest.swift; sourceTree = "<group>"; };
		5092D4342AD2180700D50E8E /* PreferenceKey.swift */ = {isa = PBXFileReference; lastKnownFileType = sourcecode.swift; path = PreferenceKey.swift; sourceTree = "<group>"; };
		5092D4362AD35BF300D50E8E /* EnvironmentTestView.swift */ = {isa = PBXFileReference; lastKnownFileType = sourcecode.swift; path = EnvironmentTestView.swift; sourceTree = "<group>"; };
		509643722C23B51800D06515 /* AnimatedButtonsBootcamp.swift */ = {isa = PBXFileReference; lastKnownFileType = sourcecode.swift; path = AnimatedButtonsBootcamp.swift; sourceTree = "<group>"; };
		509EB44B2C13F95100427FBB /* StatefulContainerView.swift */ = {isa = PBXFileReference; lastKnownFileType = sourcecode.swift; path = StatefulContainerView.swift; sourceTree = "<group>"; };
		509EB44E2C14090300427FBB /* MovableGridBootcamp.swift */ = {isa = PBXFileReference; lastKnownFileType = sourcecode.swift; path = MovableGridBootcamp.swift; sourceTree = "<group>"; };
		509EB4502C16AE4A00427FBB /* PaginatedHeroScrollView.swift */ = {isa = PBXFileReference; lastKnownFileType = sourcecode.swift; path = PaginatedHeroScrollView.swift; sourceTree = "<group>"; };
		50A326522AC3E0D300854FD5 /* SimplePanGestureView.swift */ = {isa = PBXFileReference; lastKnownFileType = sourcecode.swift; path = SimplePanGestureView.swift; sourceTree = "<group>"; };
		50AA62892ACA70CF008DC0DD /* ViewLimit.swift */ = {isa = PBXFileReference; lastKnownFileType = sourcecode.swift; path = ViewLimit.swift; sourceTree = "<group>"; };
		50CD30AD2C12D3D8007A9BA4 /* SwiftCommonLibrary */ = {isa = PBXFileReference; lastKnownFileType = wrapper; name = SwiftCommonLibrary; path = ../../../../Packages/SwiftCommonLibrary; sourceTree = "<group>"; };
		50CD30B32C136A80007A9BA4 /* ContainerWithDataState.swift */ = {isa = PBXFileReference; lastKnownFileType = sourcecode.swift; path = ContainerWithDataState.swift; sourceTree = "<group>"; };
		50D2A9292C0EB9AC00FA2732 /* RelativeFrameLayout.swift */ = {isa = PBXFileReference; lastKnownFileType = sourcecode.swift; path = RelativeFrameLayout.swift; sourceTree = "<group>"; };
		50D2A92B2C0EBB8900FA2732 /* ToggleButton.swift */ = {isa = PBXFileReference; lastKnownFileType = sourcecode.swift; path = ToggleButton.swift; sourceTree = "<group>"; };
		50D2A92E2C0EC45B00FA2732 /* CGFloat+Extension.swift */ = {isa = PBXFileReference; lastKnownFileType = sourcecode.swift; path = "CGFloat+Extension.swift"; sourceTree = "<group>"; };
		50D2A9302C0ED9D600FA2732 /* SimpleContainerRelativeFrame.swift */ = {isa = PBXFileReference; lastKnownFileType = sourcecode.swift; path = SimpleContainerRelativeFrame.swift; sourceTree = "<group>"; };
		50D2A9322C0EDE0100FA2732 /* RelativeSizeLayout.swift */ = {isa = PBXFileReference; lastKnownFileType = sourcecode.swift; path = RelativeSizeLayout.swift; sourceTree = "<group>"; };
		50D2A9352C0EE34400FA2732 /* DebugOverlay.swift */ = {isa = PBXFileReference; lastKnownFileType = sourcecode.swift; path = DebugOverlay.swift; sourceTree = "<group>"; };
		50D2A9382C0F5F6A00FA2732 /* GeometryReaderBootcamp.swift */ = {isa = PBXFileReference; lastKnownFileType = sourcecode.swift; path = GeometryReaderBootcamp.swift; sourceTree = "<group>"; };
		50D2A93D2C0F9FA300FA2732 /* CircularCarouselScreen.swift */ = {isa = PBXFileReference; lastKnownFileType = sourcecode.swift; path = CircularCarouselScreen.swift; sourceTree = "<group>"; };
		50D2A9402C0FB0C800FA2732 /* HepticBootcamp.swift */ = {isa = PBXFileReference; lastKnownFileType = sourcecode.swift; path = HepticBootcamp.swift; sourceTree = "<group>"; };
		50D2A9432C0FD63400FA2732 /* ScrollTransitionExample.swift */ = {isa = PBXFileReference; lastKnownFileType = sourcecode.swift; path = ScrollTransitionExample.swift; sourceTree = "<group>"; };
		50DAC2062C78452500B79DBB /* CircularLayoutExample.swift */ = {isa = PBXFileReference; lastKnownFileType = sourcecode.swift; path = CircularLayoutExample.swift; sourceTree = "<group>"; };
		50DD57F22C21D1EE000350B9 /* ViewBuilderDemo.swift */ = {isa = PBXFileReference; lastKnownFileType = sourcecode.swift; path = ViewBuilderDemo.swift; sourceTree = "<group>"; };
		50DD57F42C21D981000350B9 /* SpacersBootcamp.swift */ = {isa = PBXFileReference; lastKnownFileType = sourcecode.swift; path = SpacersBootcamp.swift; sourceTree = "<group>"; };
		50F356162AC68A63006AC58F /* RelativeFrameModifierView.swift */ = {isa = PBXFileReference; lastKnownFileType = sourcecode.swift; path = RelativeFrameModifierView.swift; sourceTree = "<group>"; };
		50F356182AC69105006AC58F /* HideTabBar.swift */ = {isa = PBXFileReference; lastKnownFileType = sourcecode.swift; path = HideTabBar.swift; sourceTree = "<group>"; };
		50F3561A2AC6948C006AC58F /* AIScreenContainerView.swift */ = {isa = PBXFileReference; lastKnownFileType = sourcecode.swift; path = AIScreenContainerView.swift; sourceTree = "<group>"; };
		50F4EC202AC8DADD00A10280 /* VerticalScrollWithAnimation.swift */ = {isa = PBXFileReference; lastKnownFileType = sourcecode.swift; path = VerticalScrollWithAnimation.swift; sourceTree = "<group>"; };
		50F4EC222AC9383500A10280 /* CustomPagingSliderScreen.swift */ = {isa = PBXFileReference; lastKnownFileType = sourcecode.swift; path = CustomPagingSliderScreen.swift; sourceTree = "<group>"; };
/* End PBXFileReference section */

/* Begin PBXFrameworksBuildPhase section */
		5007D06D2AC397D500241560 /* Frameworks */ = {
			isa = PBXFrameworksBuildPhase;
			buildActionMask = 2147483647;
			files = (
			);
			runOnlyForDeploymentPostprocessing = 0;
		};
/* End PBXFrameworksBuildPhase section */

/* Begin PBXGroup section */
		5000EC182C1140CE0029EA16 /* ListsBootcamp */ = {
			isa = PBXGroup;
			children = (
			);
			path = ListsBootcamp;
			sourceTree = "<group>";
		};
		5007D0672AC397D500241560 = {
			isa = PBXGroup;
			children = (
				5007D0722AC397D500241560 /* SwiftUIBootcamp */,
				5007D0712AC397D500241560 /* Products */,
			);
			sourceTree = "<group>";
		};
		5007D0712AC397D500241560 /* Products */ = {
			isa = PBXGroup;
			children = (
				5007D0702AC397D500241560 /* SwiftUIBootcamp.app */,
			);
			name = Products;
			sourceTree = "<group>";
		};
		5007D0722AC397D500241560 /* SwiftUIBootcamp */ = {
			isa = PBXGroup;
			children = (
				5007D0732AC397D500241560 /* Main.swift */,
				503DA4872AC8CA9E007555F8 /* MenuView.swift */,
				5007D0842AC3980F00241560 /* LayoutsBootcamp */,
				5007D0832AC397EE00241560 /* NavigationBootcamp */,
				5007D0822AC397E100241560 /* AnimationsBootcamp */,
				503DA4862AC8CA3E007555F8 /* ScrollViewBootcamp */,
				503DA4852AC8CA1E007555F8 /* SlidersBootcamp */,
				5000EC182C1140CE0029EA16 /* ListsBootcamp */,
				509EB44D2C1408E600427FBB /* GridsBootcamp */,
				50D2A9372C0F5F5400FA2732 /* GeometryReader */,
				50D2A93F2C0FB0AA00FA2732 /* SoundAndFeedback */,
				504CAB002BCCC28200932ECC /* ButtonsBootcamp */,
				5007D0812AC397DC00241560 /* GesturesBootcamp */,
				5007D0852AC3981700241560 /* Maps */,
				5092D42E2AD0A9ED00D50E8E /* Advanced */,
				506E5B662C0AC8690012FFB0 /* Shared Components */,
				50CD30B22C136A70007A9BA4 /* Lab */,
				501EB04F2C0D20A100B787BD /* UIKits */,
				5070C1382ACA68AA00EE8C55 /* Common */,
				503DA47A2AC75CFD007555F8 /* Utilities */,
				50CD30AC2C12D3C2007A9BA4 /* Packages */,
				5007D0792AC397D800241560 /* Preview Content */,
				5007D0982AC39B5900241560 /* Assets.xcassets */,
			);
			path = SwiftUIBootcamp;
			sourceTree = "<group>";
		};
		5007D0792AC397D800241560 /* Preview Content */ = {
			isa = PBXGroup;
			children = (
				5007D07A2AC397D800241560 /* Preview Assets.xcassets */,
			);
			path = "Preview Content";
			sourceTree = "<group>";
		};
		5007D0812AC397DC00241560 /* GesturesBootcamp */ = {
			isa = PBXGroup;
			children = (
				50A326522AC3E0D300854FD5 /* SimplePanGestureView.swift */,
			);
			path = GesturesBootcamp;
			sourceTree = "<group>";
		};
		5007D0822AC397E100241560 /* AnimationsBootcamp */ = {
			isa = PBXGroup;
			children = (
				50459B212C27DA9B003B117E /* KeyframeAnimations */,
				501FD6862ACE91A900657B0A /* MatchedGeometry */,
				5007D0862AC3986800241560 /* AIScreenViews */,
				5007D08D2AC3987000241560 /* CardTransition */,
				506988122ACA205300D52047 /* InfiniteAnimation.swift */,
			);
			path = AnimationsBootcamp;
			sourceTree = "<group>";
		};
		5007D0832AC397EE00241560 /* NavigationBootcamp */ = {
			isa = PBXGroup;
			children = (
			);
			path = NavigationBootcamp;
			sourceTree = "<group>";
		};
		5007D0842AC3980F00241560 /* LayoutsBootcamp */ = {
			isa = PBXGroup;
			children = (
				50D2A9292C0EB9AC00FA2732 /* RelativeFrameLayout.swift */,
				50D2A9302C0ED9D600FA2732 /* SimpleContainerRelativeFrame.swift */,
				50D2A9322C0EDE0100FA2732 /* RelativeSizeLayout.swift */,
				5000EC192C116F150029EA16 /* PaddingBootcamp.swift */,
				5000EC1B2C11771B0029EA16 /* MarginsBootcamp.swift */,
				50DAC2062C78452500B79DBB /* CircularLayoutExample.swift */,
			);
			path = LayoutsBootcamp;
			sourceTree = "<group>";
		};
		5007D0852AC3981700241560 /* Maps */ = {
			isa = PBXGroup;
			children = (
			);
			path = Maps;
			sourceTree = "<group>";
		};
		5007D0862AC3986800241560 /* AIScreenViews */ = {
			isa = PBXGroup;
			children = (
				5007D0872AC3986800241560 /* AIScreenView.swift */,
				5007D0882AC3986800241560 /* ElipseShape.swift */,
				50F3561A2AC6948C006AC58F /* AIScreenContainerView.swift */,
				5007D0892AC3986800241560 /* ButtonView.swift */,
				5007D0902AC3989A00241560 /* AIAssets.xcassets */,
			);
			path = AIScreenViews;
			sourceTree = "<group>";
		};
		5007D08D2AC3987000241560 /* CardTransition */ = {
			isa = PBXGroup;
			children = (
				5007D08E2AC3987000241560 /* CardTransitionView.swift */,
				5007D0922AC398A300241560 /* DCAssets.xcassets */,
			);
			path = CardTransition;
			sourceTree = "<group>";
		};
		500A405E2C0569B400F30146 /* ImagePagingSlider */ = {
			isa = PBXGroup;
			children = (
				500A405C2C04E3EB00F30146 /* ImagePagingSliderView.swift */,
				506B6CAA2C056A380071C824 /* PagingSliderControl.swift */,
			);
			path = ImagePagingSlider;
			sourceTree = "<group>";
		};
		501EB04F2C0D20A100B787BD /* UIKits */ = {
			isa = PBXGroup;
			children = (
				50D2A93C2C0F9F7D00FA2732 /* CircularCarousel */,
				501EB0502C0D20B700B787BD /* ShoeStore */,
			);
			path = UIKits;
			sourceTree = "<group>";
		};
		501EB0502C0D20B700B787BD /* ShoeStore */ = {
			isa = PBXGroup;
			children = (
			);
			path = ShoeStore;
			sourceTree = "<group>";
		};
		501EE91A2C10A7FE00E79765 /* HideSearchBar */ = {
			isa = PBXGroup;
			children = (
				501EE91B2C10A81700E79765 /* HideSearchBarOnScroll.swift */,
			);
			path = HideSearchBar;
			sourceTree = "<group>";
		};
		501FD6862ACE91A900657B0A /* MatchedGeometry */ = {
			isa = PBXGroup;
			children = (
				501FD6872ACE91C100657B0A /* MatchedGeometrySimpleView.swift */,
			);
			path = MatchedGeometry;
			sourceTree = "<group>";
		};
		503DA47A2AC75CFD007555F8 /* Utilities */ = {
			isa = PBXGroup;
			children = (
				50D2A9342C0EE33100FA2732 /* Debug */,
				503DA48A2AC8CAD5007555F8 /* Models */,
				503DA47B2AC75D13007555F8 /* Colors.swift */,
			);
			path = Utilities;
			sourceTree = "<group>";
		};
		503DA4852AC8CA1E007555F8 /* SlidersBootcamp */ = {
			isa = PBXGroup;
			children = (
				500A405E2C0569B400F30146 /* ImagePagingSlider */,
				503DA47D2AC75E47007555F8 /* ScrollTestView.swift */,
				503DA4832AC7CD0B007555F8 /* ParametricCardSliderView.swift */,
				50F4EC222AC9383500A10280 /* CustomPagingSliderScreen.swift */,
			);
			path = SlidersBootcamp;
			sourceTree = "<group>";
		};
		503DA4862AC8CA3E007555F8 /* ScrollViewBootcamp */ = {
			isa = PBXGroup;
			children = (
				50F4EC202AC8DADD00A10280 /* VerticalScrollWithAnimation.swift */,
				5007D0962AC399D000241560 /* HideOnScrollTabView.swift */,
				50F356182AC69105006AC58F /* HideTabBar.swift */,
				509EB4502C16AE4A00427FBB /* PaginatedHeroScrollView.swift */,
				501EE91A2C10A7FE00E79765 /* HideSearchBar */,
				50D2A9422C0FD62100FA2732 /* ScrollTransition */,
				50D2A9282C0EB97E00FA2732 /* RelativeFrameScroll */,
			);
			path = ScrollViewBootcamp;
			sourceTree = "<group>";
		};
		503DA48A2AC8CAD5007555F8 /* Models */ = {
			isa = PBXGroup;
			children = (
				503DA48B2AC8CAF0007555F8 /* Models.swift */,
			);
			path = Models;
			sourceTree = "<group>";
		};
		50459B212C27DA9B003B117E /* KeyframeAnimations */ = {
			isa = PBXGroup;
			children = (
				50459B222C27DAC5003B117E /* KeyframeAnimationBootcamp.swift */,
			);
			path = KeyframeAnimations;
			sourceTree = "<group>";
		};
		504CAB002BCCC28200932ECC /* ButtonsBootcamp */ = {
			isa = PBXGroup;
			children = (
				506E5B612C0AC3450012FFB0 /* ButtonsBootcamp.swift */,
				50D2A92B2C0EBB8900FA2732 /* ToggleButton.swift */,
				509643722C23B51800D06515 /* AnimatedButtonsBootcamp.swift */,
			);
			path = ButtonsBootcamp;
			sourceTree = "<group>";
		};
		504CAB032BCCC59900932ECC /* GetFramePreference */ = {
			isa = PBXGroup;
			children = (
				504CAB042BCCC5B600932ECC /* GetFramePreferenceView.swift */,
			);
			path = GetFramePreference;
			sourceTree = "<group>";
		};
		50530A3B2BC7A4A9007B0D19 /* PreferencesBootcamp */ = {
			isa = PBXGroup;
			children = (
				504CAB032BCCC59900932ECC /* GetFramePreference */,
				50530A3C2BC7A4AE007B0D19 /* BackgroundPreference */,
			);
			path = PreferencesBootcamp;
			sourceTree = "<group>";
		};
		50530A3C2BC7A4AE007B0D19 /* BackgroundPreference */ = {
			isa = PBXGroup;
			children = (
				50530A3D2BC7A4DA007B0D19 /* BackgroundPreferenceBootcamp.swift */,
			);
			path = BackgroundPreference;
			sourceTree = "<group>";
		};
		506E5B632C0AC4C00012FFB0 /* ViewModifiers */ = {
			isa = PBXGroup;
			children = (
				506E5B642C0AC4D10012FFB0 /* CornerRadiusViewModifier.swift */,
			);
			path = ViewModifiers;
			sourceTree = "<group>";
		};
		506E5B662C0AC8690012FFB0 /* Shared Components */ = {
			isa = PBXGroup;
			children = (
				5070C13A2ACA68C300EE8C55 /* BaseView.swift */,
				503DA4812AC7C548007555F8 /* SocialMediaCardView.swift */,
				5070C13C2ACA691500EE8C55 /* OnlyiOS17View.swift */,
				50AA62892ACA70CF008DC0DD /* ViewLimit.swift */,
			);
			path = "Shared Components";
			sourceTree = "<group>";
		};
		5070C1382ACA68AA00EE8C55 /* Common */ = {
			isa = PBXGroup;
			children = (
				50D2A92D2C0EC44700FA2732 /* Extensions */,
				506E5B632C0AC4C00012FFB0 /* ViewModifiers */,
			);
			path = Common;
			sourceTree = "<group>";
		};
		5092D42E2AD0A9ED00D50E8E /* Advanced */ = {
			isa = PBXGroup;
			children = (
				50530A3B2BC7A4A9007B0D19 /* PreferencesBootcamp */,
				5092D42F2AD0A9FC00D50E8E /* PropertyWrapperTest.swift */,
				5092D4342AD2180700D50E8E /* PreferenceKey.swift */,
				5092D4362AD35BF300D50E8E /* EnvironmentTestView.swift */,
			);
			path = Advanced;
			sourceTree = "<group>";
		};
		509EB44D2C1408E600427FBB /* GridsBootcamp */ = {
			isa = PBXGroup;
			children = (
				509EB44E2C14090300427FBB /* MovableGridBootcamp.swift */,
			);
			path = GridsBootcamp;
			sourceTree = "<group>";
		};
		50CD30AC2C12D3C2007A9BA4 /* Packages */ = {
			isa = PBXGroup;
			children = (
				50CD30AD2C12D3D8007A9BA4 /* SwiftCommonLibrary */,
			);
			path = Packages;
			sourceTree = "<group>";
		};
		50CD30B22C136A70007A9BA4 /* Lab */ = {
			isa = PBXGroup;
			children = (
				50CD30B32C136A80007A9BA4 /* ContainerWithDataState.swift */,
				509EB44B2C13F95100427FBB /* StatefulContainerView.swift */,
				50DD57F22C21D1EE000350B9 /* ViewBuilderDemo.swift */,
				50DD57F42C21D981000350B9 /* SpacersBootcamp.swift */,
			);
			path = Lab;
			sourceTree = "<group>";
		};
		50D2A9282C0EB97E00FA2732 /* RelativeFrameScroll */ = {
			isa = PBXGroup;
			children = (
				50F356162AC68A63006AC58F /* RelativeFrameModifierView.swift */,
			);
			path = RelativeFrameScroll;
			sourceTree = "<group>";
		};
		50D2A92D2C0EC44700FA2732 /* Extensions */ = {
			isa = PBXGroup;
			children = (
				50D2A92E2C0EC45B00FA2732 /* CGFloat+Extension.swift */,
			);
			path = Extensions;
			sourceTree = "<group>";
		};
		50D2A9342C0EE33100FA2732 /* Debug */ = {
			isa = PBXGroup;
			children = (
				50D2A9352C0EE34400FA2732 /* DebugOverlay.swift */,
			);
			path = Debug;
			sourceTree = "<group>";
		};
		50D2A9372C0F5F5400FA2732 /* GeometryReader */ = {
			isa = PBXGroup;
			children = (
				50D2A9382C0F5F6A00FA2732 /* GeometryReaderBootcamp.swift */,
			);
			path = GeometryReader;
			sourceTree = "<group>";
		};
		50D2A93C2C0F9F7D00FA2732 /* CircularCarousel */ = {
			isa = PBXGroup;
			children = (
				50D2A93D2C0F9FA300FA2732 /* CircularCarouselScreen.swift */,
			);
			path = CircularCarousel;
			sourceTree = "<group>";
		};
		50D2A93F2C0FB0AA00FA2732 /* SoundAndFeedback */ = {
			isa = PBXGroup;
			children = (
				50D2A9402C0FB0C800FA2732 /* HepticBootcamp.swift */,
			);
			path = SoundAndFeedback;
			sourceTree = "<group>";
		};
		50D2A9422C0FD62100FA2732 /* ScrollTransition */ = {
			isa = PBXGroup;
			children = (
				50D2A9432C0FD63400FA2732 /* ScrollTransitionExample.swift */,
			);
			path = ScrollTransition;
			sourceTree = "<group>";
		};
/* End PBXGroup section */

/* Begin PBXNativeTarget section */
		5007D06F2AC397D500241560 /* SwiftUIBootcamp */ = {
			isa = PBXNativeTarget;
			buildConfigurationList = 5007D07E2AC397D800241560 /* Build configuration list for PBXNativeTarget "SwiftUIBootcamp" */;
			buildPhases = (
				5007D06C2AC397D500241560 /* Sources */,
				5007D06D2AC397D500241560 /* Frameworks */,
				5007D06E2AC397D500241560 /* Resources */,
			);
			buildRules = (
			);
			dependencies = (
			);
			name = SwiftUIBootcamp;
			productName = SwiftUIBootcamp;
			productReference = 5007D0702AC397D500241560 /* SwiftUIBootcamp.app */;
			productType = "com.apple.product-type.application";
		};
/* End PBXNativeTarget section */

/* Begin PBXProject section */
		5007D0682AC397D500241560 /* Project object */ = {
			isa = PBXProject;
			attributes = {
				BuildIndependentTargetsInParallel = 1;
				LastSwiftUpdateCheck = 1500;
				LastUpgradeCheck = 1500;
				TargetAttributes = {
					5007D06F2AC397D500241560 = {
						CreatedOnToolsVersion = 15.0;
					};
				};
			};
			buildConfigurationList = 5007D06B2AC397D500241560 /* Build configuration list for PBXProject "SwiftUIBootcamp" */;
			compatibilityVersion = "Xcode 14.0";
			developmentRegion = en;
			hasScannedForEncodings = 0;
			knownRegions = (
				en,
				Base,
			);
			mainGroup = 5007D0672AC397D500241560;
			productRefGroup = 5007D0712AC397D500241560 /* Products */;
			projectDirPath = "";
			projectRoot = "";
			targets = (
				5007D06F2AC397D500241560 /* SwiftUIBootcamp */,
			);
		};
/* End PBXProject section */

/* Begin PBXResourcesBuildPhase section */
		5007D06E2AC397D500241560 /* Resources */ = {
			isa = PBXResourcesBuildPhase;
			buildActionMask = 2147483647;
			files = (
				5007D0912AC3989A00241560 /* AIAssets.xcassets in Resources */,
				5007D0932AC398A300241560 /* DCAssets.xcassets in Resources */,
				5007D0992AC39B5900241560 /* Assets.xcassets in Resources */,
				5007D07B2AC397D800241560 /* Preview Assets.xcassets in Resources */,
			);
			runOnlyForDeploymentPostprocessing = 0;
		};
/* End PBXResourcesBuildPhase section */

/* Begin PBXSourcesBuildPhase section */
		5007D06C2AC397D500241560 /* Sources */ = {
			isa = PBXSourcesBuildPhase;
			buildActionMask = 2147483647;
			files = (
				5007D0742AC397D500241560 /* Main.swift in Sources */,
				506B6CAB2C056A380071C824 /* PagingSliderControl.swift in Sources */,
				503DA4822AC7C548007555F8 /* SocialMediaCardView.swift in Sources */,
				509643732C23B51800D06515 /* AnimatedButtonsBootcamp.swift in Sources */,
				50CD30B42C136A80007A9BA4 /* ContainerWithDataState.swift in Sources */,
				506E5B652C0AC4D10012FFB0 /* CornerRadiusViewModifier.swift in Sources */,
				50DD57F32C21D1EE000350B9 /* ViewBuilderDemo.swift in Sources */,
				503DA47C2AC75D13007555F8 /* Colors.swift in Sources */,
				50F356172AC68A63006AC58F /* RelativeFrameModifierView.swift in Sources */,
				501FD6882ACE91C100657B0A /* MatchedGeometrySimpleView.swift in Sources */,
				5007D08C2AC3986800241560 /* ButtonView.swift in Sources */,
				501EE91C2C10A81700E79765 /* HideSearchBarOnScroll.swift in Sources */,
				50F356192AC69105006AC58F /* HideTabBar.swift in Sources */,
				503DA47E2AC75E47007555F8 /* ScrollTestView.swift in Sources */,
				5070C13B2ACA68C300EE8C55 /* BaseView.swift in Sources */,
				5000EC1A2C116F150029EA16 /* PaddingBootcamp.swift in Sources */,
				5092D4352AD2180700D50E8E /* PreferenceKey.swift in Sources */,
				5092D4372AD35BF300D50E8E /* EnvironmentTestView.swift in Sources */,
				500A405D2C04E3EB00F30146 /* ImagePagingSliderView.swift in Sources */,
				50D2A9332C0EDE0100FA2732 /* RelativeSizeLayout.swift in Sources */,
				509EB44C2C13F95100427FBB /* StatefulContainerView.swift in Sources */,
				50AA628A2ACA70CF008DC0DD /* ViewLimit.swift in Sources */,
				50A326532AC3E0D300854FD5 /* SimplePanGestureView.swift in Sources */,
				50F4EC212AC8DADD00A10280 /* VerticalScrollWithAnimation.swift in Sources */,
				50F3561B2AC6948C006AC58F /* AIScreenContainerView.swift in Sources */,
				5007D08A2AC3986800241560 /* AIScreenView.swift in Sources */,
				50DAC2072C78452500B79DBB /* CircularLayoutExample.swift in Sources */,
				50D2A92F2C0EC45B00FA2732 /* CGFloat+Extension.swift in Sources */,
				50459B232C27DAC5003B117E /* KeyframeAnimationBootcamp.swift in Sources */,
				50530A3E2BC7A4DA007B0D19 /* BackgroundPreferenceBootcamp.swift in Sources */,
				50D2A9362C0EE34400FA2732 /* DebugOverlay.swift in Sources */,
				509EB4512C16AE4A00427FBB /* PaginatedHeroScrollView.swift in Sources */,
				503DA4882AC8CA9E007555F8 /* MenuView.swift in Sources */,
				50D2A9412C0FB0C800FA2732 /* HepticBootcamp.swift in Sources */,
				50D2A9392C0F5F6A00FA2732 /* GeometryReaderBootcamp.swift in Sources */,
				50D2A92C2C0EBB8900FA2732 /* ToggleButton.swift in Sources */,
				506988132ACA205300D52047 /* InfiniteAnimation.swift in Sources */,
				504CAB052BCCC5B600932ECC /* GetFramePreferenceView.swift in Sources */,
				50D2A9312C0ED9D600FA2732 /* SimpleContainerRelativeFrame.swift in Sources */,
				50DD57F52C21D982000350B9 /* SpacersBootcamp.swift in Sources */,
				5000EC1C2C11771B0029EA16 /* MarginsBootcamp.swift in Sources */,
				503DA48C2AC8CAF0007555F8 /* Models.swift in Sources */,
				5007D0972AC399D000241560 /* HideOnScrollTabView.swift in Sources */,
				509EB44F2C14090300427FBB /* MovableGridBootcamp.swift in Sources */,
				5092D4302AD0A9FC00D50E8E /* PropertyWrapperTest.swift in Sources */,
				5007D08B2AC3986800241560 /* ElipseShape.swift in Sources */,
				50D2A92A2C0EB9AC00FA2732 /* RelativeFrameLayout.swift in Sources */,
				5007D08F2AC3987000241560 /* CardTransitionView.swift in Sources */,
				50F4EC232AC9383500A10280 /* CustomPagingSliderScreen.swift in Sources */,
				50D2A93E2C0F9FA300FA2732 /* CircularCarouselScreen.swift in Sources */,
				50D2A9442C0FD63400FA2732 /* ScrollTransitionExample.swift in Sources */,
				503DA4842AC7CD0B007555F8 /* ParametricCardSliderView.swift in Sources */,
				5070C13D2ACA691500EE8C55 /* OnlyiOS17View.swift in Sources */,
				506E5B622C0AC3450012FFB0 /* ButtonsBootcamp.swift in Sources */,
			);
			runOnlyForDeploymentPostprocessing = 0;
		};
/* End PBXSourcesBuildPhase section */

/* Begin XCBuildConfiguration section */
		5007D07C2AC397D800241560 /* Debug */ = {
			isa = XCBuildConfiguration;
			buildSettings = {
				ALWAYS_SEARCH_USER_PATHS = NO;
				ASSETCATALOG_COMPILER_GENERATE_SWIFT_ASSET_SYMBOL_EXTENSIONS = YES;
				CLANG_ANALYZER_NONNULL = YES;
				CLANG_ANALYZER_NUMBER_OBJECT_CONVERSION = YES_AGGRESSIVE;
				CLANG_CXX_LANGUAGE_STANDARD = "gnu++20";
				CLANG_ENABLE_MODULES = YES;
				CLANG_ENABLE_OBJC_ARC = YES;
				CLANG_ENABLE_OBJC_WEAK = YES;
				CLANG_WARN_BLOCK_CAPTURE_AUTORELEASING = YES;
				CLANG_WARN_BOOL_CONVERSION = YES;
				CLANG_WARN_COMMA = YES;
				CLANG_WARN_CONSTANT_CONVERSION = YES;
				CLANG_WARN_DEPRECATED_OBJC_IMPLEMENTATIONS = YES;
				CLANG_WARN_DIRECT_OBJC_ISA_USAGE = YES_ERROR;
				CLANG_WARN_DOCUMENTATION_COMMENTS = YES;
				CLANG_WARN_EMPTY_BODY = YES;
				CLANG_WARN_ENUM_CONVERSION = YES;
				CLANG_WARN_INFINITE_RECURSION = YES;
				CLANG_WARN_INT_CONVERSION = YES;
				CLANG_WARN_NON_LITERAL_NULL_CONVERSION = YES;
				CLANG_WARN_OBJC_IMPLICIT_RETAIN_SELF = YES;
				CLANG_WARN_OBJC_LITERAL_CONVERSION = YES;
				CLANG_WARN_OBJC_ROOT_CLASS = YES_ERROR;
				CLANG_WARN_QUOTED_INCLUDE_IN_FRAMEWORK_HEADER = YES;
				CLANG_WARN_RANGE_LOOP_ANALYSIS = YES;
				CLANG_WARN_STRICT_PROTOTYPES = YES;
				CLANG_WARN_SUSPICIOUS_MOVE = YES;
				CLANG_WARN_UNGUARDED_AVAILABILITY = YES_AGGRESSIVE;
				CLANG_WARN_UNREACHABLE_CODE = YES;
				CLANG_WARN__DUPLICATE_METHOD_MATCH = YES;
				COPY_PHASE_STRIP = NO;
				DEBUG_INFORMATION_FORMAT = dwarf;
				ENABLE_STRICT_OBJC_MSGSEND = YES;
				ENABLE_TESTABILITY = YES;
				ENABLE_USER_SCRIPT_SANDBOXING = YES;
				GCC_C_LANGUAGE_STANDARD = gnu17;
				GCC_DYNAMIC_NO_PIC = NO;
				GCC_NO_COMMON_BLOCKS = YES;
				GCC_OPTIMIZATION_LEVEL = 0;
				GCC_PREPROCESSOR_DEFINITIONS = (
					"DEBUG=1",
					"$(inherited)",
				);
				GCC_WARN_64_TO_32_BIT_CONVERSION = YES;
				GCC_WARN_ABOUT_RETURN_TYPE = YES_ERROR;
				GCC_WARN_UNDECLARED_SELECTOR = YES;
				GCC_WARN_UNINITIALIZED_AUTOS = YES_AGGRESSIVE;
				GCC_WARN_UNUSED_FUNCTION = YES;
				GCC_WARN_UNUSED_VARIABLE = YES;
				IPHONEOS_DEPLOYMENT_TARGET = 17.0;
				LOCALIZATION_PREFERS_STRING_CATALOGS = YES;
				MTL_ENABLE_DEBUG_INFO = INCLUDE_SOURCE;
				MTL_FAST_MATH = YES;
				ONLY_ACTIVE_ARCH = YES;
				SDKROOT = iphoneos;
				SWIFT_ACTIVE_COMPILATION_CONDITIONS = "DEBUG $(inherited)";
				SWIFT_OPTIMIZATION_LEVEL = "-Onone";
			};
			name = Debug;
		};
		5007D07D2AC397D800241560 /* Release */ = {
			isa = XCBuildConfiguration;
			buildSettings = {
				ALWAYS_SEARCH_USER_PATHS = NO;
				ASSETCATALOG_COMPILER_GENERATE_SWIFT_ASSET_SYMBOL_EXTENSIONS = YES;
				CLANG_ANALYZER_NONNULL = YES;
				CLANG_ANALYZER_NUMBER_OBJECT_CONVERSION = YES_AGGRESSIVE;
				CLANG_CXX_LANGUAGE_STANDARD = "gnu++20";
				CLANG_ENABLE_MODULES = YES;
				CLANG_ENABLE_OBJC_ARC = YES;
				CLANG_ENABLE_OBJC_WEAK = YES;
				CLANG_WARN_BLOCK_CAPTURE_AUTORELEASING = YES;
				CLANG_WARN_BOOL_CONVERSION = YES;
				CLANG_WARN_COMMA = YES;
				CLANG_WARN_CONSTANT_CONVERSION = YES;
				CLANG_WARN_DEPRECATED_OBJC_IMPLEMENTATIONS = YES;
				CLANG_WARN_DIRECT_OBJC_ISA_USAGE = YES_ERROR;
				CLANG_WARN_DOCUMENTATION_COMMENTS = YES;
				CLANG_WARN_EMPTY_BODY = YES;
				CLANG_WARN_ENUM_CONVERSION = YES;
				CLANG_WARN_INFINITE_RECURSION = YES;
				CLANG_WARN_INT_CONVERSION = YES;
				CLANG_WARN_NON_LITERAL_NULL_CONVERSION = YES;
				CLANG_WARN_OBJC_IMPLICIT_RETAIN_SELF = YES;
				CLANG_WARN_OBJC_LITERAL_CONVERSION = YES;
				CLANG_WARN_OBJC_ROOT_CLASS = YES_ERROR;
				CLANG_WARN_QUOTED_INCLUDE_IN_FRAMEWORK_HEADER = YES;
				CLANG_WARN_RANGE_LOOP_ANALYSIS = YES;
				CLANG_WARN_STRICT_PROTOTYPES = YES;
				CLANG_WARN_SUSPICIOUS_MOVE = YES;
				CLANG_WARN_UNGUARDED_AVAILABILITY = YES_AGGRESSIVE;
				CLANG_WARN_UNREACHABLE_CODE = YES;
				CLANG_WARN__DUPLICATE_METHOD_MATCH = YES;
				COPY_PHASE_STRIP = NO;
				DEBUG_INFORMATION_FORMAT = "dwarf-with-dsym";
				ENABLE_NS_ASSERTIONS = NO;
				ENABLE_STRICT_OBJC_MSGSEND = YES;
				ENABLE_USER_SCRIPT_SANDBOXING = YES;
				GCC_C_LANGUAGE_STANDARD = gnu17;
				GCC_NO_COMMON_BLOCKS = YES;
				GCC_WARN_64_TO_32_BIT_CONVERSION = YES;
				GCC_WARN_ABOUT_RETURN_TYPE = YES_ERROR;
				GCC_WARN_UNDECLARED_SELECTOR = YES;
				GCC_WARN_UNINITIALIZED_AUTOS = YES_AGGRESSIVE;
				GCC_WARN_UNUSED_FUNCTION = YES;
				GCC_WARN_UNUSED_VARIABLE = YES;
				IPHONEOS_DEPLOYMENT_TARGET = 17.0;
				LOCALIZATION_PREFERS_STRING_CATALOGS = YES;
				MTL_ENABLE_DEBUG_INFO = NO;
				MTL_FAST_MATH = YES;
				SDKROOT = iphoneos;
				SWIFT_COMPILATION_MODE = wholemodule;
				VALIDATE_PRODUCT = YES;
			};
			name = Release;
		};
		5007D07F2AC397D800241560 /* Debug */ = {
			isa = XCBuildConfiguration;
			buildSettings = {
				ASSETCATALOG_COMPILER_APPICON_NAME = AppIcon;
				ASSETCATALOG_COMPILER_GLOBAL_ACCENT_COLOR_NAME = AccentColor;
				CODE_SIGN_STYLE = Automatic;
				CURRENT_PROJECT_VERSION = 1;
				DEVELOPMENT_ASSET_PATHS = "\"SwiftUIBootcamp/Preview Content\"";
				DEVELOPMENT_TEAM = AAL663Y363;
				ENABLE_PREVIEWS = YES;
				GENERATE_INFOPLIST_FILE = YES;
				INFOPLIST_KEY_UIApplicationSceneManifest_Generation = YES;
				INFOPLIST_KEY_UIApplicationSupportsIndirectInputEvents = YES;
				INFOPLIST_KEY_UILaunchScreen_Generation = YES;
				INFOPLIST_KEY_UISupportedInterfaceOrientations_iPad = "UIInterfaceOrientationPortrait UIInterfaceOrientationPortraitUpsideDown UIInterfaceOrientationLandscapeLeft UIInterfaceOrientationLandscapeRight";
				INFOPLIST_KEY_UISupportedInterfaceOrientations_iPhone = "UIInterfaceOrientationPortrait UIInterfaceOrientationLandscapeLeft UIInterfaceOrientationLandscapeRight";
				IPHONEOS_DEPLOYMENT_TARGET = 17.0;
				LD_RUNPATH_SEARCH_PATHS = (
					"$(inherited)",
					"@executable_path/Frameworks",
				);
				MARKETING_VERSION = 1.0;
				PRODUCT_BUNDLE_IDENTIFIER = dev.maxward.SwiftUIBootcampApp;
				PRODUCT_NAME = "$(TARGET_NAME)";
				SWIFT_EMIT_LOC_STRINGS = YES;
				SWIFT_VERSION = 5.0;
				TARGETED_DEVICE_FAMILY = "1,2";
			};
			name = Debug;
		};
		5007D0802AC397D800241560 /* Release */ = {
			isa = XCBuildConfiguration;
			buildSettings = {
				ASSETCATALOG_COMPILER_APPICON_NAME = AppIcon;
				ASSETCATALOG_COMPILER_GLOBAL_ACCENT_COLOR_NAME = AccentColor;
				CODE_SIGN_STYLE = Automatic;
				CURRENT_PROJECT_VERSION = 1;
				DEVELOPMENT_ASSET_PATHS = "\"SwiftUIBootcamp/Preview Content\"";
				DEVELOPMENT_TEAM = AAL663Y363;
				ENABLE_PREVIEWS = YES;
				GENERATE_INFOPLIST_FILE = YES;
				INFOPLIST_KEY_UIApplicationSceneManifest_Generation = YES;
				INFOPLIST_KEY_UIApplicationSupportsIndirectInputEvents = YES;
				INFOPLIST_KEY_UILaunchScreen_Generation = YES;
				INFOPLIST_KEY_UISupportedInterfaceOrientations_iPad = "UIInterfaceOrientationPortrait UIInterfaceOrientationPortraitUpsideDown UIInterfaceOrientationLandscapeLeft UIInterfaceOrientationLandscapeRight";
				INFOPLIST_KEY_UISupportedInterfaceOrientations_iPhone = "UIInterfaceOrientationPortrait UIInterfaceOrientationLandscapeLeft UIInterfaceOrientationLandscapeRight";
				IPHONEOS_DEPLOYMENT_TARGET = 17.0;
				LD_RUNPATH_SEARCH_PATHS = (
					"$(inherited)",
					"@executable_path/Frameworks",
				);
				MARKETING_VERSION = 1.0;
				PRODUCT_BUNDLE_IDENTIFIER = dev.maxward.SwiftUIBootcampApp;
				PRODUCT_NAME = "$(TARGET_NAME)";
				SWIFT_EMIT_LOC_STRINGS = YES;
				SWIFT_VERSION = 5.0;
				TARGETED_DEVICE_FAMILY = "1,2";
			};
			name = Release;
		};
/* End XCBuildConfiguration section */

/* Begin XCConfigurationList section */
		5007D06B2AC397D500241560 /* Build configuration list for PBXProject "SwiftUIBootcamp" */ = {
			isa = XCConfigurationList;
			buildConfigurations = (
				5007D07C2AC397D800241560 /* Debug */,
				5007D07D2AC397D800241560 /* Release */,
			);
			defaultConfigurationIsVisible = 0;
			defaultConfigurationName = Release;
		};
		5007D07E2AC397D800241560 /* Build configuration list for PBXNativeTarget "SwiftUIBootcamp" */ = {
			isa = XCConfigurationList;
			buildConfigurations = (
				5007D07F2AC397D800241560 /* Debug */,
				5007D0802AC397D800241560 /* Release */,
			);
			defaultConfigurationIsVisible = 0;
			defaultConfigurationName = Release;
		};
/* End XCConfigurationList section */
	};
	rootObject = 5007D0682AC397D500241560 /* Project object */;
}
